
Microsoft Visual Studio Solution File, Format Version 12.00
# Visual Studio 15
VisualStudioVersion = 15.0.28307.902
MinimumVisualStudioVersion = 10.0.40219.1
Project("{9A19103F-16F7-4668-BE54-9A1E7A4F7556}") = "Sender", "Sender\Sender.csproj", "{3967A617-2458-416F-94B2-DF3BAEB3FD03}"
EndProject
Project("{9A19103F-16F7-4668-BE54-9A1E7A4F7556}") = "Receiver", "Receiver\Receiver.csproj", "{A23F76E6-69A5-45C3-B122-AE2478A08254}"
EndProject
Project("{9A19103F-16F7-4668-BE54-9A1E7A4F7556}") = "Common", "Common\Common.csproj", "{4156FE77-9ED4-45CB-AE3A-412199B24770}"
EndProject
Project("{9A19103F-16F7-4668-BE54-9A1E7A4F7556}") = "Tests", "Tests\Tests.csproj", "{D3BC291E-7B59-4D99-9FFD-3D9ACD9BB81E}"
EndProject
Project("{FAE04EC0-301F-11D3-BF4B-00C04F79EFBC}") = "Infrastructure", "Infrastructure\Infrastructure.csproj", "{FA25EFF3-8114-4C55-95C8-B5242DDD2EB4}"
EndProject
Global
	GlobalSection(SolutionConfigurationPlatforms) = preSolution
		Debug|Any CPU = Debug|Any CPU
		Release|Any CPU = Release|Any CPU
	EndGlobalSection
	GlobalSection(ProjectConfigurationPlatforms) = postSolution
		{3967A617-2458-416F-94B2-DF3BAEB3FD03}.Debug|Any CPU.ActiveCfg = Debug|Any CPU
		{3967A617-2458-416F-94B2-DF3BAEB3FD03}.Debug|Any CPU.Build.0 = Debug|Any CPU
		{3967A617-2458-416F-94B2-DF3BAEB3FD03}.Release|Any CPU.ActiveCfg = Release|Any CPU
		{3967A617-2458-416F-94B2-DF3BAEB3FD03}.Release|Any CPU.Build.0 = Release|Any CPU
		{A23F76E6-69A5-45C3-B122-AE2478A08254}.Debug|Any CPU.ActiveCfg = Debug|Any CPU
		{A23F76E6-69A5-45C3-B122-AE2478A08254}.Debug|Any CPU.Build.0 = Debug|Any CPU
		{A23F76E6-69A5-45C3-B122-AE2478A08254}.Release|Any CPU.ActiveCfg = Release|Any CPU
		{A23F76E6-69A5-45C3-B122-AE2478A08254}.Release|Any CPU.Build.0 = Release|Any CPU
		{4156FE77-9ED4-45CB-AE3A-412199B24770}.Debug|Any CPU.ActiveCfg = Debug|Any CPU
		{4156FE77-9ED4-45CB-AE3A-412199B24770}.Debug|Any CPU.Build.0 = Debug|Any CPU
		{4156FE77-9ED4-45CB-AE3A-412199B24770}.Release|Any CPU.ActiveCfg = Release|Any CPU
		{4156FE77-9ED4-45CB-AE3A-412199B24770}.Release|Any CPU.Build.0 = Release|Any CPU
		{D3BC291E-7B59-4D99-9FFD-3D9ACD9BB81E}.Debug|Any CPU.ActiveCfg = Debug|Any CPU
		{D3BC291E-7B59-4D99-9FFD-3D9ACD9BB81E}.Debug|Any CPU.Build.0 = Debug|Any CPU
		{D3BC291E-7B59-4D99-9FFD-3D9ACD9BB81E}.Release|Any CPU.ActiveCfg = Release|Any CPU
		{D3BC291E-7B59-4D99-9FFD-3D9ACD9BB81E}.Release|Any CPU.Build.0 = Release|Any CPU
		{FA25EFF3-8114-4C55-95C8-B5242DDD2EB4}.Debug|Any CPU.ActiveCfg = Debug|Any CPU
		{FA25EFF3-8114-4C55-95C8-B5242DDD2EB4}.Debug|Any CPU.Build.0 = Debug|Any CPU
		{FA25EFF3-8114-4C55-95C8-B5242DDD2EB4}.Release|Any CPU.ActiveCfg = Release|Any CPU
		{FA25EFF3-8114-4C55-95C8-B5242DDD2EB4}.Release|Any CPU.Build.0 = Release|Any CPU
	EndGlobalSection
	GlobalSection(SolutionProperties) = preSolution
		HideSolutionNode = FALSE
	EndGlobalSection
	GlobalSection(ExtensibilityGlobals) = postSolution
		SolutionGuid = {6C2C7688-089D-4239-B0CC-2D594914B2BE}
	EndGlobalSection
EndGlobal
